
Microsoft Visual Studio Solution File, Format Version 12.00
# Visual Studio Version 17
VisualStudioVersion = 17.0.31903.59
MinimumVisualStudioVersion = 10.0.40219.1
Project("{2150E333-8FDC-42A3-9474-1A3956D46DE8}") = "src", "src", "{827E0CD3-B72D-47B6-A68D-7590B98EB39B}"
EndProject
Project("{FAE04EC0-301F-11D3-BF4B-00C04F79EFBC}") = "KadreeBank.Domain", "src\KadreeBank.Domain\KadreeBank.Domain.csproj", "{27426F35-4C22-4EE4-8881-F9988A20E024}"
EndProject
Project("{FAE04EC0-301F-11D3-BF4B-00C04F79EFBC}") = "KadreeBank.Application", "src\KadreeBank.Application\KadreeBank.Application.csproj", "{ED1EA4D1-19F6-4612-B492-2F4FAD4806B4}"
EndProject
Project("{FAE04EC0-301F-11D3-BF4B-00C04F79EFBC}") = "KadreeBank.Infrastructure", "src\KadreeBank.Infrastructure\KadreeBank.Infrastructure.csproj", "{A1E010A5-D1D5-4FB1-9A53-65491EDBFF46}"
EndProject
Project("{FAE04EC0-301F-11D3-BF4B-00C04F79EFBC}") = "KadreeBank.API", "src\KadreeBank.API\KadreeBank.API.csproj", "{B76E1167-4420-402B-B7D8-0A82D86B5FB7}"
EndProject
Project("{FAE04EC0-301F-11D3-BF4B-00C04F79EFBC}") = "KadreeBank.UnitTests", "tests\KadreeBank.UnitTests\KadreeBank.UnitTests.csproj", "{B3E0B075-A1BE-45A5-A9F5-31BD214D0303}"
EndProject
Project("{FAE04EC0-301F-11D3-BF4B-00C04F79EFBC}") = "KadreeBank.IntegrationTests", "tests\KadreeBank.IntegrationTests\KadreeBank.IntegrationTests.csproj", "{C95204B2-E2A8-475A-9150-52FF7B0B3919}"
EndProject
Global
	GlobalSection(SolutionConfigurationPlatforms) = preSolution
		Debug|Any CPU = Debug|Any CPU
		Debug|x64 = Debug|x64
		Debug|x86 = Debug|x86
		Release|Any CPU = Release|Any CPU
		Release|x64 = Release|x64
		Release|x86 = Release|x86
	EndGlobalSection
	GlobalSection(ProjectConfigurationPlatforms) = postSolution
		{27426F35-4C22-4EE4-8881-F9988A20E024}.Debug|Any CPU.ActiveCfg = Debug|Any CPU
		{27426F35-4C22-4EE4-8881-F9988A20E024}.Debug|Any CPU.Build.0 = Debug|Any CPU
		{27426F35-4C22-4EE4-8881-F9988A20E024}.Debug|x64.ActiveCfg = Debug|Any CPU
		{27426F35-4C22-4EE4-8881-F9988A20E024}.Debug|x64.Build.0 = Debug|Any CPU
		{27426F35-4C22-4EE4-8881-F9988A20E024}.Debug|x86.ActiveCfg = Debug|Any CPU
		{27426F35-4C22-4EE4-8881-F9988A20E024}.Debug|x86.Build.0 = Debug|Any CPU
		{27426F35-4C22-4EE4-8881-F9988A20E024}.Release|Any CPU.ActiveCfg = Release|Any CPU
		{27426F35-4C22-4EE4-8881-F9988A20E024}.Release|Any CPU.Build.0 = Release|Any CPU
		{27426F35-4C22-4EE4-8881-F9988A20E024}.Release|x64.ActiveCfg = Release|Any CPU
		{27426F35-4C22-4EE4-8881-F9988A20E024}.Release|x64.Build.0 = Release|Any CPU
		{27426F35-4C22-4EE4-8881-F9988A20E024}.Release|x86.ActiveCfg = Release|Any CPU
		{27426F35-4C22-4EE4-8881-F9988A20E024}.Release|x86.Build.0 = Release|Any CPU
		{ED1EA4D1-19F6-4612-B492-2F4FAD4806B4}.Debug|Any CPU.ActiveCfg = Debug|Any CPU
		{ED1EA4D1-19F6-4612-B492-2F4FAD4806B4}.Debug|Any CPU.Build.0 = Debug|Any CPU
		{ED1EA4D1-19F6-4612-B492-2F4FAD4806B4}.Debug|x64.ActiveCfg = Debug|Any CPU
		{ED1EA4D1-19F6-4612-B492-2F4FAD4806B4}.Debug|x64.Build.0 = Debug|Any CPU
		{ED1EA4D1-19F6-4612-B492-2F4FAD4806B4}.Debug|x86.ActiveCfg = Debug|Any CPU
		{ED1EA4D1-19F6-4612-B492-2F4FAD4806B4}.Debug|x86.Build.0 = Debug|Any CPU
		{ED1EA4D1-19F6-4612-B492-2F4FAD4806B4}.Release|Any CPU.ActiveCfg = Release|Any CPU
		{ED1EA4D1-19F6-4612-B492-2F4FAD4806B4}.Release|Any CPU.Build.0 = Release|Any CPU
		{ED1EA4D1-19F6-4612-B492-2F4FAD4806B4}.Release|x64.ActiveCfg = Release|Any CPU
		{ED1EA4D1-19F6-4612-B492-2F4FAD4806B4}.Release|x64.Build.0 = Release|Any CPU
		{ED1EA4D1-19F6-4612-B492-2F4FAD4806B4}.Release|x86.ActiveCfg = Release|Any CPU
		{ED1EA4D1-19F6-4612-B492-2F4FAD4806B4}.Release|x86.Build.0 = Release|Any CPU
		{A1E010A5-D1D5-4FB1-9A53-65491EDBFF46}.Debug|Any CPU.ActiveCfg = Debug|Any CPU
		{A1E010A5-D1D5-4FB1-9A53-65491EDBFF46}.Debug|Any CPU.Build.0 = Debug|Any CPU
		{A1E010A5-D1D5-4FB1-9A53-65491EDBFF46}.Debug|x64.ActiveCfg = Debug|Any CPU
		{A1E010A5-D1D5-4FB1-9A53-65491EDBFF46}.Debug|x64.Build.0 = Debug|Any CPU
		{A1E010A5-D1D5-4FB1-9A53-65491EDBFF46}.Debug|x86.ActiveCfg = Debug|Any CPU
		{A1E010A5-D1D5-4FB1-9A53-65491EDBFF46}.Debug|x86.Build.0 = Debug|Any CPU
		{A1E010A5-D1D5-4FB1-9A53-65491EDBFF46}.Release|Any CPU.ActiveCfg = Release|Any CPU
		{A1E010A5-D1D5-4FB1-9A53-65491EDBFF46}.Release|Any CPU.Build.0 = Release|Any CPU
		{A1E010A5-D1D5-4FB1-9A53-65491EDBFF46}.Release|x64.ActiveCfg = Release|Any CPU
		{A1E010A5-D1D5-4FB1-9A53-65491EDBFF46}.Release|x64.Build.0 = Release|Any CPU
		{A1E010A5-D1D5-4FB1-9A53-65491EDBFF46}.Release|x86.ActiveCfg = Release|Any CPU
		{A1E010A5-D1D5-4FB1-9A53-65491EDBFF46}.Release|x86.Build.0 = Release|Any CPU
		{B76E1167-4420-402B-B7D8-0A82D86B5FB7}.Debug|Any CPU.ActiveCfg = Debug|Any CPU
		{B76E1167-4420-402B-B7D8-0A82D86B5FB7}.Debug|Any CPU.Build.0 = Debug|Any CPU
		{B76E1167-4420-402B-B7D8-0A82D86B5FB7}.Debug|x64.ActiveCfg = Debug|Any CPU
		{B76E1167-4420-402B-B7D8-0A82D86B5FB7}.Debug|x64.Build.0 = Debug|Any CPU
		{B76E1167-4420-402B-B7D8-0A82D86B5FB7}.Debug|x86.ActiveCfg = Debug|Any CPU
		{B76E1167-4420-402B-B7D8-0A82D86B5FB7}.Debug|x86.Build.0 = Debug|Any CPU
		{B76E1167-4420-402B-B7D8-0A82D86B5FB7}.Release|Any CPU.ActiveCfg = Release|Any CPU
		{B76E1167-4420-402B-B7D8-0A82D86B5FB7}.Release|Any CPU.Build.0 = Release|Any CPU
		{B76E1167-4420-402B-B7D8-0A82D86B5FB7}.Release|x64.ActiveCfg = Release|Any CPU
		{B76E1167-4420-402B-B7D8-0A82D86B5FB7}.Release|x64.Build.0 = Release|Any CPU
		{B76E1167-4420-402B-B7D8-0A82D86B5FB7}.Release|x86.ActiveCfg = Release|Any CPU
		{B76E1167-4420-402B-B7D8-0A82D86B5FB7}.Release|x86.Build.0 = Release|Any CPU
		{B3E0B075-A1BE-45A5-A9F5-31BD214D0303}.Debug|Any CPU.ActiveCfg = Debug|Any CPU
		{B3E0B075-A1BE-45A5-A9F5-31BD214D0303}.Debug|Any CPU.Build.0 = Debug|Any CPU
		{B3E0B075-A1BE-45A5-A9F5-31BD214D0303}.Debug|x64.ActiveCfg = Debug|Any CPU
		{B3E0B075-A1BE-45A5-A9F5-31BD214D0303}.Debug|x64.Build.0 = Debug|Any CPU
		{B3E0B075-A1BE-45A5-A9F5-31BD214D0303}.Debug|x86.ActiveCfg = Debug|Any CPU
		{B3E0B075-A1BE-45A5-A9F5-31BD214D0303}.Debug|x86.Build.0 = Debug|Any CPU
		{B3E0B075-A1BE-45A5-A9F5-31BD214D0303}.Release|Any CPU.ActiveCfg = Release|Any CPU
		{B3E0B075-A1BE-45A5-A9F5-31BD214D0303}.Release|Any CPU.Build.0 = Release|Any CPU
		{B3E0B075-A1BE-45A5-A9F5-31BD214D0303}.Release|x64.ActiveCfg = Release|Any CPU
		{B3E0B075-A1BE-45A5-A9F5-31BD214D0303}.Release|x64.Build.0 = Release|Any CPU
		{B3E0B075-A1BE-45A5-A9F5-31BD214D0303}.Release|x86.ActiveCfg = Release|Any CPU
		{B3E0B075-A1BE-45A5-A9F5-31BD214D0303}.Release|x86.Build.0 = Release|Any CPU
		{C95204B2-E2A8-475A-9150-52FF7B0B3919}.Debug|Any CPU.ActiveCfg = Debug|Any CPU
		{C95204B2-E2A8-475A-9150-52FF7B0B3919}.Debug|Any CPU.Build.0 = Debug|Any CPU
		{C95204B2-E2A8-475A-9150-52FF7B0B3919}.Debug|x64.ActiveCfg = Debug|Any CPU
		{C95204B2-E2A8-475A-9150-52FF7B0B3919}.Debug|x64.Build.0 = Debug|Any CPU
		{C95204B2-E2A8-475A-9150-52FF7B0B3919}.Debug|x86.ActiveCfg = Debug|Any CPU
		{C95204B2-E2A8-475A-9150-52FF7B0B3919}.Debug|x86.Build.0 = Debug|Any CPU
		{C95204B2-E2A8-475A-9150-52FF7B0B3919}.Release|Any CPU.ActiveCfg = Release|Any CPU
		{C95204B2-E2A8-475A-9150-52FF7B0B3919}.Release|Any CPU.Build.0 = Release|Any CPU
		{C95204B2-E2A8-475A-9150-52FF7B0B3919}.Release|x64.ActiveCfg = Release|Any CPU
		{C95204B2-E2A8-475A-9150-52FF7B0B3919}.Release|x64.Build.0 = Release|Any CPU
		{C95204B2-E2A8-475A-9150-52FF7B0B3919}.Release|x86.ActiveCfg = Release|Any CPU
		{C95204B2-E2A8-475A-9150-52FF7B0B3919}.Release|x86.Build.0 = Release|Any CPU
	EndGlobalSection
	GlobalSection(SolutionProperties) = preSolution
		HideSolutionNode = FALSE
	EndGlobalSection
	GlobalSection(NestedProjects) = preSolution
		{27426F35-4C22-4EE4-8881-F9988A20E024} = {827E0CD3-B72D-47B6-A68D-7590B98EB39B}
		{ED1EA4D1-19F6-4612-B492-2F4FAD4806B4} = {827E0CD3-B72D-47B6-A68D-7590B98EB39B}
		{A1E010A5-D1D5-4FB1-9A53-65491EDBFF46} = {827E0CD3-B72D-47B6-A68D-7590B98EB39B}
		{B76E1167-4420-402B-B7D8-0A82D86B5FB7} = {827E0CD3-B72D-47B6-A68D-7590B98EB39B}
		{B3E0B075-A1BE-45A5-A9F5-31BD214D0303} = {827E0CD3-B72D-47B6-A68D-7590B98EB39B}
		{C95204B2-E2A8-475A-9150-52FF7B0B3919} = {827E0CD3-B72D-47B6-A68D-7590B98EB39B}
	EndGlobalSection
EndGlobal
